One\Vm\Vm\Lock:
    properties:
        locked:
            expose: true
            access_type: public_method
            serialized_name: LOCKED
            xml_element:
                namespace: 'http://opennebula.org/XMLSchema'
            accessor:
                getter: getLocked
                setter: setLocked
            type: int
        owner:
            expose: true
            access_type: public_method
            serialized_name: OWNER
            xml_element:
                namespace: 'http://opennebula.org/XMLSchema'
            accessor:
                getter: getOwner
                setter: setOwner
            type: int
        time:
            expose: true
            access_type: public_method
            serialized_name: TIME
            xml_element:
                namespace: 'http://opennebula.org/XMLSchema'
            accessor:
                getter: getTime
                setter: setTime
            type: int
        reqId:
            expose: true
            access_type: public_method
            serialized_name: REQ_ID
            xml_element:
                namespace: 'http://opennebula.org/XMLSchema'
            accessor:
                getter: getReqId
                setter: setReqId
            type: int
